
Microsoft Visual Studio Solution File, Format Version 12.00
# Visual Studio 15
VisualStudioVersion = 15.0.26228.12
MinimumVisualStudioVersion = 10.0.40219.1
Project("{FAE04EC0-301F-11D3-BF4B-00C04F79EFBC}") = "ValetKey.Client", "ValetKey.Client\ValetKey.Client.csproj", "{24A3C1DE-30E0-4D4C-AE38-B8B6FDD4F2FE}"
EndProject
Project("{FAE04EC0-301F-11D3-BF4B-00C04F79EFBC}") = "ValetKey.Api", "ValetKey.Api\ValetKey.Api.csproj", "{73E75484-D21A-46A9-9305-5E8495DAED6C}"
EndProject
Global
	GlobalSection(SolutionConfigurationPlatforms) = preSolution
		Debug|Any CPU = Debug|Any CPU
		Release|Any CPU = Release|Any CPU
	EndGlobalSection
	GlobalSection(ProjectConfigurationPlatforms) = postSolution
		{24A3C1DE-30E0-4D4C-AE38-B8B6FDD4F2FE}.Debug|Any CPU.ActiveCfg = Debug|Any CPU
		{24A3C1DE-30E0-4D4C-AE38-B8B6FDD4F2FE}.Debug|Any CPU.Build.0 = Debug|Any CPU
		{24A3C1DE-30E0-4D4C-AE38-B8B6FDD4F2FE}.Release|Any CPU.ActiveCfg = Release|Any CPU
		{24A3C1DE-30E0-4D4C-AE38-B8B6FDD4F2FE}.Release|Any CPU.Build.0 = Release|Any CPU
		{73E75484-D21A-46A9-9305-5E8495DAED6C}.Debug|Any CPU.ActiveCfg = Debug|Any CPU
		{73E75484-D21A-46A9-9305-5E8495DAED6C}.Debug|Any CPU.Build.0 = Debug|Any CPU
		{73E75484-D21A-46A9-9305-5E8495DAED6C}.Release|Any CPU.ActiveCfg = Release|Any CPU
		{73E75484-D21A-46A9-9305-5E8495DAED6C}.Release|Any CPU.Build.0 = Release|Any CPU
	EndGlobalSection
	GlobalSection(SolutionProperties) = preSolution
		HideSolutionNode = FALSE
	EndGlobalSection
EndGlobal
